
Microsoft Visual Studio Solution File, Format Version 12.00
# Visual Studio 15
VisualStudioVersion = 15.0.26730.10
MinimumVisualStudioVersion = 10.0.40219.1
Project("{FAE04EC0-301F-11D3-BF4B-00C04F79EFBC}") = "LunchService", "LunchService\LunchService.csproj", "{031296E0-87DB-46AA-A60A-8243DCBDDF38}"
EndProject
Global
	GlobalSection(SolutionConfigurationPlatforms) = preSolution
		Debug|Any CPU = Debug|Any CPU
		Release|Any CPU = Release|Any CPU
	EndGlobalSection
	GlobalSection(ProjectConfigurationPlatforms) = postSolution
		{031296E0-87DB-46AA-A60A-8243DCBDDF38}.Debug|Any CPU.ActiveCfg = Debug|Any CPU
		{031296E0-87DB-46AA-A60A-8243DCBDDF38}.Debug|Any CPU.Build.0 = Debug|Any CPU
		{031296E0-87DB-46AA-A60A-8243DCBDDF38}.Release|Any CPU.ActiveCfg = Release|Any CPU
		{031296E0-87DB-46AA-A60A-8243DCBDDF38}.Release|Any CPU.Build.0 = Release|Any CPU
	EndGlobalSection
	GlobalSection(SolutionProperties) = preSolution
		HideSolutionNode = FALSE
	EndGlobalSection
	GlobalSection(ExtensibilityGlobals) = postSolution
		SolutionGuid = {1A1D78A3-41DC-4E29-9E37-1D31210AC31F}
	EndGlobalSection
EndGlobal
